// !$*UTF8*$!
{
	archiveVersion = 1;
	classes = {
	};
	objectVersion = 55;
	objects = {

/* Begin PBXBuildFile section */
		4B5D436E2758A1A30092865C /* IALView.swift in Sources */ = {isa = PBXBuildFile; fileRef = 4B5D436D2758A1A30092865C /* IALView.swift */; };
		4B5D436F2758A1A30092865C /* IALView.swift in Sources */ = {isa = PBXBuildFile; fileRef = 4B5D436D2758A1A30092865C /* IALView.swift */; };
		4B5D43712758C2E30092865C /* IalEdxMathsView.swift in Sources */ = {isa = PBXBuildFile; fileRef = 4B5D43702758C2E30092865C /* IalEdxMathsView.swift */; };
		4B5D43722758C2E30092865C /* IalEdxMathsView.swift in Sources */ = {isa = PBXBuildFile; fileRef = 4B5D43702758C2E30092865C /* IalEdxMathsView.swift */; };
		4B5D43742758CF240092865C /* IalEdxMaths2019JanView.swift in Sources */ = {isa = PBXBuildFile; fileRef = 4B5D43732758CF240092865C /* IalEdxMaths2019JanView.swift */; };
		4B5D43752758CF240092865C /* IalEdxMaths2019JanView.swift in Sources */ = {isa = PBXBuildFile; fileRef = 4B5D43732758CF240092865C /* IalEdxMaths2019JanView.swift */; };
		4B5D4377275927440092865C /* Modifier.swift in Sources */ = {isa = PBXBuildFile; fileRef = 4B5D4376275927440092865C /* Modifier.swift */; };
		4B5D4378275927440092865C /* Modifier.swift in Sources */ = {isa = PBXBuildFile; fileRef = 4B5D4376275927440092865C /* Modifier.swift */; };
		4B5D43A7275A15670092865C /* IGCSEView.swift in Sources */ = {isa = PBXBuildFile; fileRef = 4B5D43A6275A15670092865C /* IGCSEView.swift */; };
		4B5D43A8275A15670092865C /* IGCSEView.swift in Sources */ = {isa = PBXBuildFile; fileRef = 4B5D43A6275A15670092865C /* IGCSEView.swift */; };
		4B5D43AA275A1FE80092865C /* ALView.swift in Sources */ = {isa = PBXBuildFile; fileRef = 4B5D43A9275A1FE80092865C /* ALView.swift */; };
		4B5D43AB275A1FE80092865C /* ALView.swift in Sources */ = {isa = PBXBuildFile; fileRef = 4B5D43A9275A1FE80092865C /* ALView.swift */; };
		4B5D43AD275A25990092865C /* OLView.swift in Sources */ = {isa = PBXBuildFile; fileRef = 4B5D43AC275A25990092865C /* OLView.swift */; };
		4B5D43AE275A25990092865C /* OLView.swift in Sources */ = {isa = PBXBuildFile; fileRef = 4B5D43AC275A25990092865C /* OLView.swift */; };
		4B5D43B7275A80A10092865C /* BetterSafariView in Frameworks */ = {isa = PBXBuildFile; productRef = 4B5D43B6275A80A10092865C /* BetterSafariView */; };
		4B5D43BC275A81D60092865C /* IndicatorTitleLabel.swift in Sources */ = {isa = PBXBuildFile; fileRef = 4B5D43BB275A81D60092865C /* IndicatorTitleLabel.swift */; };
		4B5D43BD275A81D60092865C /* IndicatorTitleLabel.swift in Sources */ = {isa = PBXBuildFile; fileRef = 4B5D43BB275A81D60092865C /* IndicatorTitleLabel.swift */; };
		4BBB2FB8275CAB5A002588C3 /* IalMaths2019Jan1.json in Resources */ = {isa = PBXBuildFile; fileRef = 4BBB2FB7275CAB5A002588C3 /* IalMaths2019Jan1.json */; };
		4BBB2FB9275CAB5A002588C3 /* IalMaths2019Jan1.json in Resources */ = {isa = PBXBuildFile; fileRef = 4BBB2FB7275CAB5A002588C3 /* IalMaths2019Jan1.json */; };
		4BBB2FBE275CB0A7002588C3 /* OlevelEng2019Jan.json in Resources */ = {isa = PBXBuildFile; fileRef = 4BBB2FBD275CB0A7002588C3 /* OlevelEng2019Jan.json */; };
		4BBB2FBF275CB0A7002588C3 /* OlevelEng2019Jan.json in Resources */ = {isa = PBXBuildFile; fileRef = 4BBB2FBD275CB0A7002588C3 /* OlevelEng2019Jan.json */; };
		4BBDF563276BA758009F71C0 /* MonthView.swift in Sources */ = {isa = PBXBuildFile; fileRef = 4BBDF562276BA758009F71C0 /* MonthView.swift */; };
		4BBDF564276BA758009F71C0 /* MonthView.swift in Sources */ = {isa = PBXBuildFile; fileRef = 4BBDF562276BA758009F71C0 /* MonthView.swift */; };
		4BBDF567276CE206009F71C0 /* IalMaths2019Jan2.json in Resources */ = {isa = PBXBuildFile; fileRef = 4BBDF566276CE206009F71C0 /* IalMaths2019Jan2.json */; };
		4BBDF568276CE206009F71C0 /* IalMaths2019Jan2.json in Resources */ = {isa = PBXBuildFile; fileRef = 4BBDF566276CE206009F71C0 /* IalMaths2019Jan2.json */; };
		4BBDF56A276D0BA1009F71C0 /* Localizable.strings in Resources */ = {isa = PBXBuildFile; fileRef = 4BBDF569276D0BA1009F71C0 /* Localizable.strings */; };
		4BBDF56B276D0BA1009F71C0 /* Localizable.strings in Resources */ = {isa = PBXBuildFile; fileRef = 4BBDF569276D0BA1009F71C0 /* Localizable.strings */; };
		4BBDF5702771030A009F71C0 /* IalEdxMathsViewTest.swift in Sources */ = {isa = PBXBuildFile; fileRef = 4BBDF56F2771030A009F71C0 /* IalEdxMathsViewTest.swift */; };
		4BBDF5712771030A009F71C0 /* IalEdxMathsViewTest.swift in Sources */ = {isa = PBXBuildFile; fileRef = 4BBDF56F2771030A009F71C0 /* IalEdxMathsViewTest.swift */; };
		4BBDF583277221CD009F71C0 /* OfficialWebsitesView.swift in Sources */ = {isa = PBXBuildFile; fileRef = 4BBDF582277221CD009F71C0 /* OfficialWebsitesView.swift */; };
		4BBDF584277221CD009F71C0 /* OfficialWebsitesView.swift in Sources */ = {isa = PBXBuildFile; fileRef = 4BBDF582277221CD009F71C0 /* OfficialWebsitesView.swift */; };
		4BC9678C2750B71D007DE392 /* Pastpaper2021App.swift in Sources */ = {isa = PBXBuildFile; fileRef = 4BC9677C2750B71C007DE392 /* Pastpaper2021App.swift */; };
		4BC9678D2750B71D007DE392 /* Pastpaper2021App.swift in Sources */ = {isa = PBXBuildFile; fileRef = 4BC9677C2750B71C007DE392 /* Pastpaper2021App.swift */; };
		4BC9678E2750B71D007DE392 /* ContentView.swift in Sources */ = {isa = PBXBuildFile; fileRef = 4BC9677D2750B71C007DE392 /* ContentView.swift */; };
		4BC9678F2750B71D007DE392 /* ContentView.swift in Sources */ = {isa = PBXBuildFile; fileRef = 4BC9677D2750B71C007DE392 /* ContentView.swift */; };
		4BC967902750B71D007DE392 /* Assets.xcassets in Resources */ = {isa = PBXBuildFile; fileRef = 4BC9677E2750B71D007DE392 /* Assets.xcassets */; };
		4BC967912750B71D007DE392 /* Assets.xcassets in Resources */ = {isa = PBXBuildFile; fileRef = 4BC9677E2750B71D007DE392 /* Assets.xcassets */; };
		4BFBFDFB275BA2B700401100 /* CAIEView.swift in Sources */ = {isa = PBXBuildFile; fileRef = 4BFBFDFA275BA2B700401100 /* CAIEView.swift */; };
		4BFBFDFC275BA2B700401100 /* CAIEView.swift in Sources */ = {isa = PBXBuildFile; fileRef = 4BFBFDFA275BA2B700401100 /* CAIEView.swift */; };
		4BFBFDFE275BC09300401100 /* EdexcelView.swift in Sources */ = {isa = PBXBuildFile; fileRef = 4BFBFDFD275BC09300401100 /* EdexcelView.swift */; };
		4BFBFDFF275BC09300401100 /* EdexcelView.swift in Sources */ = {isa = PBXBuildFile; fileRef = 4BFBFDFD275BC09300401100 /* EdexcelView.swift */; };
		4BFBFE01275BC67E00401100 /* AqaView.swift in Sources */ = {isa = PBXBuildFile; fileRef = 4BFBFE00275BC67E00401100 /* AqaView.swift */; };
		4BFBFE02275BC67E00401100 /* AqaView.swift in Sources */ = {isa = PBXBuildFile; fileRef = 4BFBFE00275BC67E00401100 /* AqaView.swift */; };
/* End PBXBuildFile section */

/* Begin PBXFileReference section */
		4B5D436D2758A1A30092865C /* IALView.swift */ = {isa = PBXFileReference; lastKnownFileType = sourcecode.swift; path = IALView.swift; sourceTree = "<group>"; };
		4B5D43702758C2E30092865C /* IalEdxMathsView.swift */ = {isa = PBXFileReference; lastKnownFileType = sourcecode.swift; path = IalEdxMathsView.swift; sourceTree = "<group>"; };
		4B5D43732758CF240092865C /* IalEdxMaths2019JanView.swift */ = {isa = PBXFileReference; lastKnownFileType = sourcecode.swift; path = IalEdxMaths2019JanView.swift; sourceTree = "<group>"; };
		4B5D4376275927440092865C /* Modifier.swift */ = {isa = PBXFileReference; lastKnownFileType = sourcecode.swift; path = Modifier.swift; sourceTree = "<group>"; };
		4B5D437B2759ED4A0092865C /* Pastpaper2021--iOS--Info.plist */ = {isa = PBXFileReference; lastKnownFileType = text.plist.xml; path = "Pastpaper2021--iOS--Info.plist"; sourceTree = "<group>"; };
		4B5D43A6275A15670092865C /* IGCSEView.swift */ = {isa = PBXFileReference; lastKnownFileType = sourcecode.swift; path = IGCSEView.swift; sourceTree = "<group>"; };
		4B5D43A9275A1FE80092865C /* ALView.swift */ = {isa = PBXFileReference; lastKnownFileType = sourcecode.swift; path = ALView.swift; sourceTree = "<group>"; };
		4B5D43AC275A25990092865C /* OLView.swift */ = {isa = PBXFileReference; lastKnownFileType = sourcecode.swift; path = OLView.swift; sourceTree = "<group>"; };
		4B5D43BB275A81D60092865C /* IndicatorTitleLabel.swift */ = {isa = PBXFileReference; lastKnownFileType = sourcecode.swift; path = IndicatorTitleLabel.swift; sourceTree = "<group>"; };
		4BBB2FB7275CAB5A002588C3 /* IalMaths2019Jan1.json */ = {isa = PBXFileReference; lastKnownFileType = text.json; path = IalMaths2019Jan1.json; sourceTree = "<group>"; };
		4BBB2FBD275CB0A7002588C3 /* OlevelEng2019Jan.json */ = {isa = PBXFileReference; lastKnownFileType = text.json; path = OlevelEng2019Jan.json; sourceTree = "<group>"; };
		4BBDF562276BA758009F71C0 /* MonthView.swift */ = {isa = PBXFileReference; lastKnownFileType = sourcecode.swift; path = MonthView.swift; sourceTree = "<group>"; };
		4BBDF566276CE206009F71C0 /* IalMaths2019Jan2.json */ = {isa = PBXFileReference; lastKnownFileType = text.json; path = IalMaths2019Jan2.json; sourceTree = "<group>"; };
		4BBDF569276D0BA1009F71C0 /* Localizable.strings */ = {isa = PBXFileReference; lastKnownFileType = text.plist.strings; path = Localizable.strings; sourceTree = "<group>"; };
		4BBDF56F2771030A009F71C0 /* IalEdxMathsViewTest.swift */ = {isa = PBXFileReference; lastKnownFileType = sourcecode.swift; path = IalEdxMathsViewTest.swift; sourceTree = "<group>"; };
		4BBDF582277221CD009F71C0 /* OfficialWebsitesView.swift */ = {isa = PBXFileReference; lastKnownFileType = sourcecode.swift; path = OfficialWebsitesView.swift; sourceTree = "<group>"; };
		4BC9677C2750B71C007DE392 /* Pastpaper2021App.swift */ = {isa = PBXFileReference; lastKnownFileType = sourcecode.swift; path = Pastpaper2021App.swift; sourceTree = "<group>"; };
		4BC9677D2750B71C007DE392 /* ContentView.swift */ = {isa = PBXFileReference; lastKnownFileType = sourcecode.swift; path = ContentView.swift; sourceTree = "<group>"; };
		4BC9677E2750B71D007DE392 /* Assets.xcassets */ = {isa = PBXFileReference; lastKnownFileType = folder.assetcatalog; path = Assets.xcassets; sourceTree = "<group>"; };
		4BC967832750B71D007DE392 /* Pastpaper2021.app */ = {isa = PBXFileReference; explicitFileType = wrapper.application; includeInIndex = 0; path = Pastpaper2021.app; sourceTree = BUILT_PRODUCTS_DIR; };
		4BC967892750B71D007DE392 /* Pastpaper2021.app */ = {isa = PBXFileReference; explicitFileType = wrapper.application; includeInIndex = 0; path = Pastpaper2021.app; sourceTree = BUILT_PRODUCTS_DIR; };
		4BC9678B2750B71D007DE392 /* macOS.entitlements */ = {isa = PBXFileReference; lastKnownFileType = text.plist.entitlements; path = macOS.entitlements; sourceTree = "<group>"; };
		4BFBFDFA275BA2B700401100 /* CAIEView.swift */ = {isa = PBXFileReference; lastKnownFileType = sourcecode.swift; path = CAIEView.swift; sourceTree = "<group>"; };
		4BFBFDFD275BC09300401100 /* EdexcelView.swift */ = {isa = PBXFileReference; lastKnownFileType = sourcecode.swift; path = EdexcelView.swift; sourceTree = "<group>"; };
		4BFBFE00275BC67E00401100 /* AqaView.swift */ = {isa = PBXFileReference; lastKnownFileType = sourcecode.swift; path = AqaView.swift; sourceTree = "<group>"; };
/* End PBXFileReference section */

/* Begin PBXFrameworksBuildPhase section */
		4BC967802750B71D007DE392 /* Frameworks */ = {
			isa = PBXFrameworksBuildPhase;
			buildActionMask = 2147483647;
			files = (
				4B5D43B7275A80A10092865C /* BetterSafariView in Frameworks */,
			);
			runOnlyForDeploymentPostprocessing = 0;
		};
		4BC967862750B71D007DE392 /* Frameworks */ = {
			isa = PBXFrameworksBuildPhase;
			buildActionMask = 2147483647;
			files = (
			);
			runOnlyForDeploymentPostprocessing = 0;
		};
/* End PBXFrameworksBuildPhase section */

/* Begin PBXGroup section */
		4BC967762750B71C007DE392 = {
			isa = PBXGroup;
			children = (
				4B5D437B2759ED4A0092865C /* Pastpaper2021--iOS--Info.plist */,
				4BC9677B2750B71C007DE392 /* Shared */,
				4BC9678A2750B71D007DE392 /* macOS */,
				4BC967842750B71D007DE392 /* Products */,
			);
			sourceTree = "<group>";
		};
		4BC9677B2750B71C007DE392 /* Shared */ = {
			isa = PBXGroup;
			children = (
				4BC9677C2750B71C007DE392 /* Pastpaper2021App.swift */,
				4BC9677D2750B71C007DE392 /* ContentView.swift */,
				4BBDF582277221CD009F71C0 /* OfficialWebsitesView.swift */,
				4B5D43A6275A15670092865C /* IGCSEView.swift */,
				4B5D43A9275A1FE80092865C /* ALView.swift */,
				4B5D43AC275A25990092865C /* OLView.swift */,
				4BFBFDFA275BA2B700401100 /* CAIEView.swift */,
				4BFBFE00275BC67E00401100 /* AqaView.swift */,
				4BFBFDFD275BC09300401100 /* EdexcelView.swift */,
				4B5D436D2758A1A30092865C /* IALView.swift */,
				4B5D43702758C2E30092865C /* IalEdxMathsView.swift */,
				4BBDF562276BA758009F71C0 /* MonthView.swift */,
				4BBDF56F2771030A009F71C0 /* IalEdxMathsViewTest.swift */,
				4B5D43732758CF240092865C /* IalEdxMaths2019JanView.swift */,
				4B5D43BB275A81D60092865C /* IndicatorTitleLabel.swift */,
				4B5D4376275927440092865C /* Modifier.swift */,
				4BBDF569276D0BA1009F71C0 /* Localizable.strings */,
				4BBB2FB7275CAB5A002588C3 /* IalMaths2019Jan1.json */,
				4BBDF566276CE206009F71C0 /* IalMaths2019Jan2.json */,
				4BBB2FBD275CB0A7002588C3 /* OlevelEng2019Jan.json */,
				4BC9677E2750B71D007DE392 /* Assets.xcassets */,
			);
			path = Shared;
			sourceTree = "<group>";
		};
		4BC967842750B71D007DE392 /* Products */ = {
			isa = PBXGroup;
			children = (
				4BC967832750B71D007DE392 /* Pastpaper2021.app */,
				4BC967892750B71D007DE392 /* Pastpaper2021.app */,
			);
			name = Products;
			sourceTree = "<group>";
		};
		4BC9678A2750B71D007DE392 /* macOS */ = {
			isa = PBXGroup;
			children = (
				4BC9678B2750B71D007DE392 /* macOS.entitlements */,
			);
			path = macOS;
			sourceTree = "<group>";
		};
/* End PBXGroup section */

/* Begin PBXNativeTarget section */
		4BC967822750B71D007DE392 /* Pastpaper2021 (iOS) */ = {
			isa = PBXNativeTarget;
			buildConfigurationList = 4BC967942750B71D007DE392 /* Build configuration list for PBXNativeTarget "Pastpaper2021 (iOS)" */;
			buildPhases = (
				4BC9677F2750B71D007DE392 /* Sources */,
				4BC967802750B71D007DE392 /* Frameworks */,
				4BC967812750B71D007DE392 /* Resources */,
			);
			buildRules = (
			);
			dependencies = (
			);
			name = "Pastpaper2021 (iOS)";
			packageProductDependencies = (
				4B5D43B6275A80A10092865C /* BetterSafariView */,
			);
			productName = "Pastpaper2021 (iOS)";
			productReference = 4BC967832750B71D007DE392 /* Pastpaper2021.app */;
			productType = "com.apple.product-type.application";
		};
		4BC967882750B71D007DE392 /* Pastpaper2021 (macOS) */ = {
			isa = PBXNativeTarget;
			buildConfigurationList = 4BC967972750B71D007DE392 /* Build configuration list for PBXNativeTarget "Pastpaper2021 (macOS)" */;
			buildPhases = (
				4BC967852750B71D007DE392 /* Sources */,
				4BC967862750B71D007DE392 /* Frameworks */,
				4BC967872750B71D007DE392 /* Resources */,
			);
			buildRules = (
			);
			dependencies = (
			);
			name = "Pastpaper2021 (macOS)";
			productName = "Pastpaper2021 (macOS)";
			productReference = 4BC967892750B71D007DE392 /* Pastpaper2021.app */;
			productType = "com.apple.product-type.application";
		};
/* End PBXNativeTarget section */

/* Begin PBXProject section */
		4BC967772750B71C007DE392 /* Project object */ = {
			isa = PBXProject;
			attributes = {
				BuildIndependentTargetsInParallel = 1;
				LastSwiftUpdateCheck = 1310;
				LastUpgradeCheck = 1310;
				TargetAttributes = {
					4BC967822750B71D007DE392 = {
						CreatedOnToolsVersion = 13.1;
					};
					4BC967882750B71D007DE392 = {
						CreatedOnToolsVersion = 13.1;
					};
				};
			};
			buildConfigurationList = 4BC9677A2750B71C007DE392 /* Build configuration list for PBXProject "Pastpaper2021" */;
			compatibilityVersion = "Xcode 13.0";
			developmentRegion = en;
			hasScannedForEncodings = 0;
			knownRegions = (
				en,
				Base,
			);
			mainGroup = 4BC967762750B71C007DE392;
			packageReferences = (
				4B5D43B5275A80A10092865C /* XCRemoteSwiftPackageReference "BetterSafariView" */,
			);
			productRefGroup = 4BC967842750B71D007DE392 /* Products */;
			projectDirPath = "";
			projectRoot = "";
			targets = (
				4BC967822750B71D007DE392 /* Pastpaper2021 (iOS) */,
				4BC967882750B71D007DE392 /* Pastpaper2021 (macOS) */,
			);
		};
/* End PBXProject section */

/* Begin PBXResourcesBuildPhase section */
		4BC967812750B71D007DE392 /* Resources */ = {
			isa = PBXResourcesBuildPhase;
			buildActionMask = 2147483647;
			files = (
				4BBDF56A276D0BA1009F71C0 /* Localizable.strings in Resources */,
				4BBB2FB8275CAB5A002588C3 /* IalMaths2019Jan1.json in Resources */,
				4BBB2FBE275CB0A7002588C3 /* OlevelEng2019Jan.json in Resources */,
				4BC967902750B71D007DE392 /* Assets.xcassets in Resources */,
				4BBDF567276CE206009F71C0 /* IalMaths2019Jan2.json in Resources */,
			);
			runOnlyForDeploymentPostprocessing = 0;
		};
		4BC967872750B71D007DE392 /* Resources */ = {
			isa = PBXResourcesBuildPhase;
			buildActionMask = 2147483647;
			files = (
				4BBDF56B276D0BA1009F71C0 /* Localizable.strings in Resources */,
				4BBB2FB9275CAB5A002588C3 /* IalMaths2019Jan1.json in Resources */,
				4BBB2FBF275CB0A7002588C3 /* OlevelEng2019Jan.json in Resources */,
				4BC967912750B71D007DE392 /* Assets.xcassets in Resources */,
				4BBDF568276CE206009F71C0 /* IalMaths2019Jan2.json in Resources */,
			);
			runOnlyForDeploymentPostprocessing = 0;
		};
/* End PBXResourcesBuildPhase section */

/* Begin PBXSourcesBuildPhase section */
		4BC9677F2750B71D007DE392 /* Sources */ = {
			isa = PBXSourcesBuildPhase;
			buildActionMask = 2147483647;
			files = (
				4BC9678E2750B71D007DE392 /* ContentView.swift in Sources */,
				4BBDF5702771030A009F71C0 /* IalEdxMathsViewTest.swift in Sources */,
				4B5D43BC275A81D60092865C /* IndicatorTitleLabel.swift in Sources */,
				4BBDF583277221CD009F71C0 /* OfficialWebsitesView.swift in Sources */,
				4B5D43A7275A15670092865C /* IGCSEView.swift in Sources */,
				4B5D43742758CF240092865C /* IalEdxMaths2019JanView.swift in Sources */,
				4BC9678C2750B71D007DE392 /* Pastpaper2021App.swift in Sources */,
				4BFBFDFE275BC09300401100 /* EdexcelView.swift in Sources */,
				4B5D43AD275A25990092865C /* OLView.swift in Sources */,
				4B5D436E2758A1A30092865C /* IALView.swift in Sources */,
				4B5D4377275927440092865C /* Modifier.swift in Sources */,
				4BFBFDFB275BA2B700401100 /* CAIEView.swift in Sources */,
				4B5D43712758C2E30092865C /* IalEdxMathsView.swift in Sources */,
				4BFBFE01275BC67E00401100 /* AqaView.swift in Sources */,
				4B5D43AA275A1FE80092865C /* ALView.swift in Sources */,
				4BBDF563276BA758009F71C0 /* MonthView.swift in Sources */,
			);
			runOnlyForDeploymentPostprocessing = 0;
		};
		4BC967852750B71D007DE392 /* Sources */ = {
			isa = PBXSourcesBuildPhase;
			buildActionMask = 2147483647;
			files = (
				4BC9678F2750B71D007DE392 /* ContentView.swift in Sources */,
				4BBDF5712771030A009F71C0 /* IalEdxMathsViewTest.swift in Sources */,
				4B5D43BD275A81D60092865C /* IndicatorTitleLabel.swift in Sources */,
				4BBDF584277221CD009F71C0 /* OfficialWebsitesView.swift in Sources */,
				4B5D43A8275A15670092865C /* IGCSEView.swift in Sources */,
				4B5D43752758CF240092865C /* IalEdxMaths2019JanView.swift in Sources */,
				4BC9678D2750B71D007DE392 /* Pastpaper2021App.swift in Sources */,
				4BFBFDFF275BC09300401100 /* EdexcelView.swift in Sources */,
				4B5D43AE275A25990092865C /* OLView.swift in Sources */,
				4B5D436F2758A1A30092865C /* IALView.swift in Sources */,
				4B5D4378275927440092865C /* Modifier.swift in Sources */,
				4BFBFDFC275BA2B700401100 /* CAIEView.swift in Sources */,
				4B5D43722758C2E30092865C /* IalEdxMathsView.swift in Sources */,
				4BFBFE02275BC67E00401100 /* AqaView.swift in Sources */,
				4B5D43AB275A1FE80092865C /* ALView.swift in Sources */,
				4BBDF564276BA758009F71C0 /* MonthView.swift in Sources */,
			);
			runOnlyForDeploymentPostprocessing = 0;
		};
/* End PBXSourcesBuildPhase section */

/* Begin XCBuildConfiguration section */
		4BC967922750B71D007DE392 /* Debug */ = {
			isa = XCBuildConfiguration;
			buildSettings = {
				ALWAYS_SEARCH_USER_PATHS = NO;
				CLANG_ANALYZER_NONNULL = YES;
				CLANG_ANALYZER_NUMBER_OBJECT_CONVERSION = YES_AGGRESSIVE;
				CLANG_CXX_LANGUAGE_STANDARD = "gnu++17";
				CLANG_CXX_LIBRARY = "libc++";
				CLANG_ENABLE_MODULES = YES;
				CLANG_ENABLE_OBJC_ARC = YES;
				CLANG_ENABLE_OBJC_WEAK = YES;
				CLANG_WARN_BLOCK_CAPTURE_AUTORELEASING = YES;
				CLANG_WARN_BOOL_CONVERSION = YES;
				CLANG_WARN_COMMA = YES;
				CLANG_WARN_CONSTANT_CONVERSION = YES;
				CLANG_WARN_DEPRECATED_OBJC_IMPLEMENTATIONS = YES;
				CLANG_WARN_DIRECT_OBJC_ISA_USAGE = YES_ERROR;
				CLANG_WARN_DOCUMENTATION_COMMENTS = YES;
				CLANG_WARN_EMPTY_BODY = YES;
				CLANG_WARN_ENUM_CONVERSION = YES;
				CLANG_WARN_INFINITE_RECURSION = YES;
				CLANG_WARN_INT_CONVERSION = YES;
				CLANG_WARN_NON_LITERAL_NULL_CONVERSION = YES;
				CLANG_WARN_OBJC_IMPLICIT_RETAIN_SELF = YES;
				CLANG_WARN_OBJC_LITERAL_CONVERSION = YES;
				CLANG_WARN_OBJC_ROOT_CLASS = YES_ERROR;
				CLANG_WARN_QUOTED_INCLUDE_IN_FRAMEWORK_HEADER = YES;
				CLANG_WARN_RANGE_LOOP_ANALYSIS = YES;
				CLANG_WARN_STRICT_PROTOTYPES = YES;
				CLANG_WARN_SUSPICIOUS_MOVE = YES;
				CLANG_WARN_UNGUARDED_AVAILABILITY = YES_AGGRESSIVE;
				CLANG_WARN_UNREACHABLE_CODE = YES;
				CLANG_WARN__DUPLICATE_METHOD_MATCH = YES;
				COPY_PHASE_STRIP = NO;
				DEBUG_INFORMATION_FORMAT = dwarf;
				ENABLE_STRICT_OBJC_MSGSEND = YES;
				ENABLE_TESTABILITY = YES;
				GCC_C_LANGUAGE_STANDARD = gnu11;
				GCC_DYNAMIC_NO_PIC = NO;
				GCC_NO_COMMON_BLOCKS = YES;
				GCC_OPTIMIZATION_LEVEL = 0;
				GCC_PREPROCESSOR_DEFINITIONS = (
					"DEBUG=1",
					"$(inherited)",
				);
				GCC_WARN_64_TO_32_BIT_CONVERSION = YES;
				GCC_WARN_ABOUT_RETURN_TYPE = YES_ERROR;
				GCC_WARN_UNDECLARED_SELECTOR = YES;
				GCC_WARN_UNINITIALIZED_AUTOS = YES_AGGRESSIVE;
				GCC_WARN_UNUSED_FUNCTION = YES;
				GCC_WARN_UNUSED_VARIABLE = YES;
				MTL_ENABLE_DEBUG_INFO = INCLUDE_SOURCE;
				MTL_FAST_MATH = YES;
				ONLY_ACTIVE_ARCH = YES;
				SWIFT_ACTIVE_COMPILATION_CONDITIONS = DEBUG;
				SWIFT_OPTIMIZATION_LEVEL = "-Onone";
			};
			name = Debug;
		};
		4BC967932750B71D007DE392 /* Release */ = {
			isa = XCBuildConfiguration;
			buildSettings = {
				ALWAYS_SEARCH_USER_PATHS = NO;
				CLANG_ANALYZER_NONNULL = YES;
				CLANG_ANALYZER_NUMBER_OBJECT_CONVERSION = YES_AGGRESSIVE;
				CLANG_CXX_LANGUAGE_STANDARD = "gnu++17";
				CLANG_CXX_LIBRARY = "libc++";
				CLANG_ENABLE_MODULES = YES;
				CLANG_ENABLE_OBJC_ARC = YES;
				CLANG_ENABLE_OBJC_WEAK = YES;
				CLANG_WARN_BLOCK_CAPTURE_AUTORELEASING = YES;
				CLANG_WARN_BOOL_CONVERSION = YES;
				CLANG_WARN_COMMA = YES;
				CLANG_WARN_CONSTANT_CONVERSION = YES;
				CLANG_WARN_DEPRECATED_OBJC_IMPLEMENTATIONS = YES;
				CLANG_WARN_DIRECT_OBJC_ISA_USAGE = YES_ERROR;
				CLANG_WARN_DOCUMENTATION_COMMENTS = YES;
				CLANG_WARN_EMPTY_BODY = YES;
				CLANG_WARN_ENUM_CONVERSION = YES;
				CLANG_WARN_INFINITE_RECURSION = YES;
				CLANG_WARN_INT_CONVERSION = YES;
				CLANG_WARN_NON_LITERAL_NULL_CONVERSION = YES;
				CLANG_WARN_OBJC_IMPLICIT_RETAIN_SELF = YES;
				CLANG_WARN_OBJC_LITERAL_CONVERSION = YES;
				CLANG_WARN_OBJC_ROOT_CLASS = YES_ERROR;
				CLANG_WARN_QUOTED_INCLUDE_IN_FRAMEWORK_HEADER = YES;
				CLANG_WARN_RANGE_LOOP_ANALYSIS = YES;
				CLANG_WARN_STRICT_PROTOTYPES = YES;
				CLANG_WARN_SUSPICIOUS_MOVE = YES;
				CLANG_WARN_UNGUARDED_AVAILABILITY = YES_AGGRESSIVE;
				CLANG_WARN_UNREACHABLE_CODE = YES;
				CLANG_WARN__DUPLICATE_METHOD_MATCH = YES;
				COPY_PHASE_STRIP = NO;
				DEBUG_INFORMATION_FORMAT = "dwarf-with-dsym";
				ENABLE_NS_ASSERTIONS = NO;
				ENABLE_STRICT_OBJC_MSGSEND = YES;
				GCC_C_LANGUAGE_STANDARD = gnu11;
				GCC_NO_COMMON_BLOCKS = YES;
				GCC_WARN_64_TO_32_BIT_CONVERSION = YES;
				GCC_WARN_ABOUT_RETURN_TYPE = YES_ERROR;
				GCC_WARN_UNDECLARED_SELECTOR = YES;
				GCC_WARN_UNINITIALIZED_AUTOS = YES_AGGRESSIVE;
				GCC_WARN_UNUSED_FUNCTION = YES;
				GCC_WARN_UNUSED_VARIABLE = YES;
				MTL_ENABLE_DEBUG_INFO = NO;
				MTL_FAST_MATH = YES;
				SWIFT_COMPILATION_MODE = wholemodule;
				SWIFT_OPTIMIZATION_LEVEL = "-O";
			};
			name = Release;
		};
		4BC967952750B71D007DE392 /* Debug */ = {
			isa = XCBuildConfiguration;
			buildSettings = {
				ASSETCATALOG_COMPILER_APPICON_NAME = AppIcon;
				ASSETCATALOG_COMPILER_GLOBAL_ACCENT_COLOR_NAME = AccentColor;
				CODE_SIGN_STYLE = Automatic;
				CURRENT_PROJECT_VERSION = 1;
				DEVELOPMENT_TEAM = 6MM6Y2NK23;
				ENABLE_PREVIEWS = YES;
				GENERATE_INFOPLIST_FILE = YES;
				INFOPLIST_FILE = "Pastpaper2021--iOS--Info.plist";
				INFOPLIST_KEY_UIApplicationSceneManifest_Generation = YES;
				INFOPLIST_KEY_UIApplicationSupportsIndirectInputEvents = YES;
				INFOPLIST_KEY_UILaunchScreen_Generation = YES;
				INFOPLIST_KEY_UISupportedInterfaceOrientations = UIInterfaceOrientationPortrait;
				INFOPLIST_KEY_UISupportedInterfaceOrientations_iPad = "UIInterfaceOrientationPortrait UIInterfaceOrientationPortraitUpsideDown UIInterfaceOrientationLandscapeLeft UIInterfaceOrientationLandscapeRight";
				INFOPLIST_KEY_UISupportedInterfaceOrientations_iPhone = UIInterfaceOrientationPortrait;
				IPHONEOS_DEPLOYMENT_TARGET = 15.0;
				LD_RUNPATH_SEARCH_PATHS = (
					"$(inherited)",
					"@executable_path/Frameworks",
				);
				MARKETING_VERSION = 1.0;
				PRODUCT_BUNDLE_IDENTIFIER = patrick.Pastpaper2021;
				PRODUCT_NAME = Pastpaper2021;
				SDKROOT = iphoneos;
				SWIFT_EMIT_LOC_STRINGS = YES;
				SWIFT_VERSION = 5.0;
				TARGETED_DEVICE_FAMILY = "1,2";
			};
			name = Debug;
		};
		4BC967962750B71D007DE392 /* Release */ = {
			isa = XCBuildConfiguration;
			buildSettings = {
				ASSETCATALOG_COMPILER_APPICON_NAME = AppIcon;
				ASSETCATALOG_COMPILER_GLOBAL_ACCENT_COLOR_NAME = AccentColor;
				CODE_SIGN_STYLE = Automatic;
				CURRENT_PROJECT_VERSION = 1;
				DEVELOPMENT_TEAM = 6MM6Y2NK23;
				ENABLE_PREVIEWS = YES;
				GENERATE_INFOPLIST_FILE = YES;
				INFOPLIST_FILE = "Pastpaper2021--iOS--Info.plist";
				INFOPLIST_KEY_UIApplicationSceneManifest_Generation = YES;
				INFOPLIST_KEY_UIApplicationSupportsIndirectInputEvents = YES;
				INFOPLIST_KEY_UILaunchScreen_Generation = YES;
				INFOPLIST_KEY_UISupportedInterfaceOrientations = UIInterfaceOrientationPortrait;
				INFOPLIST_KEY_UISupportedInterfaceOrientations_iPad = "UIInterfaceOrientationPortrait UIInterfaceOrientationPortraitUpsideDown UIInterfaceOrientationLandscapeLeft UIInterfaceOrientationLandscapeRight";
				INFOPLIST_KEY_UISupportedInterfaceOrientations_iPhone = UIInterfaceOrientationPortrait;
				IPHONEOS_DEPLOYMENT_TARGET = 15.0;
				LD_RUNPATH_SEARCH_PATHS = (
					"$(inherited)",
					"@executable_path/Frameworks",
				);
				MARKETING_VERSION = 1.0;
				PRODUCT_BUNDLE_IDENTIFIER = patrick.Pastpaper2021;
				PRODUCT_NAME = Pastpaper2021;
				SDKROOT = iphoneos;
				SWIFT_EMIT_LOC_STRINGS = YES;
				SWIFT_VERSION = 5.0;
				TARGETED_DEVICE_FAMILY = "1,2";
				VALIDATE_PRODUCT = YES;
			};
			name = Release;
		};
		4BC967982750B71D007DE392 /* Debug */ = {
			isa = XCBuildConfiguration;
			buildSettings = {
				ASSETCATALOG_COMPILER_APPICON_NAME = AppIcon;
				ASSETCATALOG_COMPILER_GLOBAL_ACCENT_COLOR_NAME = AccentColor;
				CODE_SIGN_ENTITLEMENTS = macOS/macOS.entitlements;
				CODE_SIGN_IDENTITY = "-";
				CODE_SIGN_STYLE = Automatic;
				COMBINE_HIDPI_IMAGES = YES;
				CURRENT_PROJECT_VERSION = 1;
				DEVELOPMENT_TEAM = 6MM6Y2NK23;
				ENABLE_HARDENED_RUNTIME = YES;
				ENABLE_PREVIEWS = YES;
				GENERATE_INFOPLIST_FILE = YES;
				INFOPLIST_KEY_NSHumanReadableCopyright = "";
				LD_RUNPATH_SEARCH_PATHS = (
					"$(inherited)",
					"@executable_path/../Frameworks",
				);
				MACOSX_DEPLOYMENT_TARGET = 12.0;
				MARKETING_VERSION = 1.0;
				PRODUCT_BUNDLE_IDENTIFIER = patrick.Pastpaper2021;
				PRODUCT_NAME = Pastpaper2021;
				SDKROOT = macosx;
				SWIFT_EMIT_LOC_STRINGS = YES;
				SWIFT_VERSION = 5.0;
			};
			name = Debug;
		};
		4BC967992750B71D007DE392 /* Release */ = {
			isa = XCBuildConfiguration;
			buildSettings = {
				ASSETCATALOG_COMPILER_APPICON_NAME = AppIcon;
				ASSETCATALOG_COMPILER_GLOBAL_ACCENT_COLOR_NAME = AccentColor;
				CODE_SIGN_ENTITLEMENTS = macOS/macOS.entitlements;
				CODE_SIGN_IDENTITY = "-";
				CODE_SIGN_STYLE = Automatic;
				COMBINE_HIDPI_IMAGES = YES;
				CURRENT_PROJECT_VERSION = 1;
				DEVELOPMENT_TEAM = 6MM6Y2NK23;
				ENABLE_HARDENED_RUNTIME = YES;
				ENABLE_PREVIEWS = YES;
				GENERATE_INFOPLIST_FILE = YES;
				INFOPLIST_KEY_NSHumanReadableCopyright = "";
				LD_RUNPATH_SEARCH_PATHS = (
					"$(inherited)",
					"@executable_path/../Frameworks",
				);
				MACOSX_DEPLOYMENT_TARGET = 12.0;
				MARKETING_VERSION = 1.0;
				PRODUCT_BUNDLE_IDENTIFIER = patrick.Pastpaper2021;
				PRODUCT_NAME = Pastpaper2021;
				SDKROOT = macosx;
				SWIFT_EMIT_LOC_STRINGS = YES;
				SWIFT_VERSION = 5.0;
			};
			name = Release;
		};
/* End XCBuildConfiguration section */

/* Begin XCConfigurationList section */
		4BC9677A2750B71C007DE392 /* Build configuration list for PBXProject "Pastpaper2021" */ = {
			isa = XCConfigurationList;
			buildConfigurations = (
				4BC967922750B71D007DE392 /* Debug */,
				4BC967932750B71D007DE392 /* Release */,
			);
			defaultConfigurationIsVisible = 0;
			defaultConfigurationName = Release;
		};
		4BC967942750B71D007DE392 /* Build configuration list for PBXNativeTarget "Pastpaper2021 (iOS)" */ = {
			isa = XCConfigurationList;
			buildConfigurations = (
				4BC967952750B71D007DE392 /* Debug */,
				4BC967962750B71D007DE392 /* Release */,
			);
			defaultConfigurationIsVisible = 0;
			defaultConfigurationName = Release;
		};
		4BC967972750B71D007DE392 /* Build configuration list for PBXNativeTarget "Pastpaper2021 (macOS)" */ = {
			isa = XCConfigurationList;
			buildConfigurations = (
				4BC967982750B71D007DE392 /* Debug */,
				4BC967992750B71D007DE392 /* Release */,
			);
			defaultConfigurationIsVisible = 0;
			defaultConfigurationName = Release;
		};
/* End XCConfigurationList section */

/* Begin XCRemoteSwiftPackageReference section */
		4B5D43B5275A80A10092865C /* XCRemoteSwiftPackageReference "BetterSafariView" */ = {
			isa = XCRemoteSwiftPackageReference;
			repositoryURL = "https://github.com/stleamist/BetterSafariView.git";
			requirement = {
				branch = main;
				kind = branch;
			};
		};
/* End XCRemoteSwiftPackageReference section */

/* Begin XCSwiftPackageProductDependency section */
		4B5D43B6275A80A10092865C /* BetterSafariView */ = {
			isa = XCSwiftPackageProductDependency;
			package = 4B5D43B5275A80A10092865C /* XCRemoteSwiftPackageReference "BetterSafariView" */;
			productName = BetterSafariView;
		};
/* End XCSwiftPackageProductDependency section */
	};
	rootObject = 4BC967772750B71C007DE392 /* Project object */;
}
